
Microsoft Visual Studio Solution File, Format Version 12.00
# Visual Studio Version 17
VisualStudioVersion = 17.8.34408.163
MinimumVisualStudioVersion = 10.0.40219.1
Project("{FAE04EC0-301F-11D3-BF4B-00C04F79EFBC}") = "BasicRestApi", "BasicRestApi\BasicRestApi.csproj", "{EE7D0DB3-0A83-45CF-9DFC-4353F9EA229B}"
EndProject
Project("{2150E333-8FDC-42A3-9474-1A3956D46DE8}") = "ApiLayer", "ApiLayer", "{17D455C6-07A9-4617-9A1C-2A3DC5C2D682}"
EndProject
Project("{2150E333-8FDC-42A3-9474-1A3956D46DE8}") = "BusinessLayer", "BusinessLayer", "{6365EEF2-7247-4B82-AE95-A6677371795F}"
EndProject
Project("{2150E333-8FDC-42A3-9474-1A3956D46DE8}") = "DataLayer", "DataLayer", "{C7329A54-1FA8-4F15-9533-D57D50133B20}"
EndProject
Project("{2150E333-8FDC-42A3-9474-1A3956D46DE8}") = "ExternalServices", "ExternalServices", "{2DD4C5BE-8C0D-43BB-B3EB-BCABF4EFFCF1}"
EndProject
Project("{FAE04EC0-301F-11D3-BF4B-00C04F79EFBC}") = "ExternalService", "ExternalService\ExternalService.csproj", "{3B534768-DD92-4842-B1D8-00572413CE87}"
EndProject
Project("{FAE04EC0-301F-11D3-BF4B-00C04F79EFBC}") = "Objects", "Objects\Objects.csproj", "{BD59B2DA-0FEF-4F03-96B5-E2A862604377}"
EndProject
Project("{FAE04EC0-301F-11D3-BF4B-00C04F79EFBC}") = "BusinessLogic", "BusinessLogic\BusinessLogic.csproj", "{D3CF3C1E-964C-423D-8C52-585AA7D28120}"
EndProject
Global
	GlobalSection(SolutionConfigurationPlatforms) = preSolution
		Debug|Any CPU = Debug|Any CPU
		Release|Any CPU = Release|Any CPU
	EndGlobalSection
	GlobalSection(ProjectConfigurationPlatforms) = postSolution
		{EE7D0DB3-0A83-45CF-9DFC-4353F9EA229B}.Debug|Any CPU.ActiveCfg = Debug|Any CPU
		{EE7D0DB3-0A83-45CF-9DFC-4353F9EA229B}.Debug|Any CPU.Build.0 = Debug|Any CPU
		{EE7D0DB3-0A83-45CF-9DFC-4353F9EA229B}.Release|Any CPU.ActiveCfg = Release|Any CPU
		{EE7D0DB3-0A83-45CF-9DFC-4353F9EA229B}.Release|Any CPU.Build.0 = Release|Any CPU
		{3B534768-DD92-4842-B1D8-00572413CE87}.Debug|Any CPU.ActiveCfg = Debug|Any CPU
		{3B534768-DD92-4842-B1D8-00572413CE87}.Debug|Any CPU.Build.0 = Debug|Any CPU
		{3B534768-DD92-4842-B1D8-00572413CE87}.Release|Any CPU.ActiveCfg = Release|Any CPU
		{3B534768-DD92-4842-B1D8-00572413CE87}.Release|Any CPU.Build.0 = Release|Any CPU
		{BD59B2DA-0FEF-4F03-96B5-E2A862604377}.Debug|Any CPU.ActiveCfg = Debug|Any CPU
		{BD59B2DA-0FEF-4F03-96B5-E2A862604377}.Debug|Any CPU.Build.0 = Debug|Any CPU
		{BD59B2DA-0FEF-4F03-96B5-E2A862604377}.Release|Any CPU.ActiveCfg = Release|Any CPU
		{BD59B2DA-0FEF-4F03-96B5-E2A862604377}.Release|Any CPU.Build.0 = Release|Any CPU
		{D3CF3C1E-964C-423D-8C52-585AA7D28120}.Debug|Any CPU.ActiveCfg = Debug|Any CPU
		{D3CF3C1E-964C-423D-8C52-585AA7D28120}.Debug|Any CPU.Build.0 = Debug|Any CPU
		{D3CF3C1E-964C-423D-8C52-585AA7D28120}.Release|Any CPU.ActiveCfg = Release|Any CPU
		{D3CF3C1E-964C-423D-8C52-585AA7D28120}.Release|Any CPU.Build.0 = Release|Any CPU
	EndGlobalSection
	GlobalSection(SolutionProperties) = preSolution
		HideSolutionNode = FALSE
	EndGlobalSection
	GlobalSection(NestedProjects) = preSolution
		{EE7D0DB3-0A83-45CF-9DFC-4353F9EA229B} = {17D455C6-07A9-4617-9A1C-2A3DC5C2D682}
		{2DD4C5BE-8C0D-43BB-B3EB-BCABF4EFFCF1} = {17D455C6-07A9-4617-9A1C-2A3DC5C2D682}
		{3B534768-DD92-4842-B1D8-00572413CE87} = {2DD4C5BE-8C0D-43BB-B3EB-BCABF4EFFCF1}
		{BD59B2DA-0FEF-4F03-96B5-E2A862604377} = {C7329A54-1FA8-4F15-9533-D57D50133B20}
		{D3CF3C1E-964C-423D-8C52-585AA7D28120} = {6365EEF2-7247-4B82-AE95-A6677371795F}
	EndGlobalSection
	GlobalSection(ExtensibilityGlobals) = postSolution
		SolutionGuid = {1BC658CC-97CF-4607-91EB-1AEF33A80AF4}
	EndGlobalSection
EndGlobal
